
Microsoft Visual Studio Solution File, Format Version 12.00
# Visual Studio Version 17
VisualStudioVersion = 17.0.31903.59
MinimumVisualStudioVersion = 10.0.40219.1
Project("{2150E333-8FDC-42A3-9474-1A3956D46DE8}") = "src", "src", "{827E0CD3-B72D-47B6-A68D-7590B98EB39B}"
EndProject
Project("{FAE04EC0-301F-11D3-BF4B-00C04F79EFBC}") = "Cedar.Types", "src\Cedar.Types\Cedar.Types.csproj", "{476BA473-A77D-4945-8CEE-8FB60EBE0083}"
EndProject
Project("{FAE04EC0-301F-11D3-BF4B-00C04F79EFBC}") = "Cedar.Ast", "src\Cedar.Ast\Cedar.Ast.csproj", "{824FBB2B-DCFF-4330-9ADF-3D78AC1D0EC0}"
EndProject
Project("{FAE04EC0-301F-11D3-BF4B-00C04F79EFBC}") = "Cedar.Core", "src\Cedar.Core\Cedar.Core.csproj", "{05F2683A-F6E3-4AF2-956E-0686D739B59A}"
EndProject
Project("{2150E333-8FDC-42A3-9474-1A3956D46DE8}") = "test", "test", "{0C88DD14-F956-CE84-757C-A364CCF449FC}"
EndProject
Project("{FAE04EC0-301F-11D3-BF4B-00C04F79EFBC}") = "Cedar.Tests", "test\Cedar.Tests\Cedar.Tests.csproj", "{F233544D-CAB1-4920-BC1B-3D88438510E0}"
EndProject
Project("{FAE04EC0-301F-11D3-BF4B-00C04F79EFBC}") = "Cedar.Conformance", "test\Cedar.Conformance\Cedar.Conformance.csproj", "{A4AD1DDD-4185-4745-97D2-DCFF529AC68F}"
EndProject
Project("{FAE04EC0-301F-11D3-BF4B-00C04F79EFBC}") = "Cedar.Schema.Tests", "test\Cedar.Schema.Tests\Cedar.Schema.Tests.csproj", "{F8FB84D0-C720-4312-8AF6-455239BAB535}"
EndProject
Project("{FAE04EC0-301F-11D3-BF4B-00C04F79EFBC}") = "Cedar.Schema", "src\Cedar.Schema\Cedar.Schema.csproj", "{05CB207D-633E-44E8-A89C-50424B5F43F7}"
EndProject
Global
	GlobalSection(SolutionConfigurationPlatforms) = preSolution
		Debug|Any CPU = Debug|Any CPU
		Debug|x64 = Debug|x64
		Debug|x86 = Debug|x86
		Release|Any CPU = Release|Any CPU
		Release|x64 = Release|x64
		Release|x86 = Release|x86
	EndGlobalSection
	GlobalSection(ProjectConfigurationPlatforms) = postSolution
		{476BA473-A77D-4945-8CEE-8FB60EBE0083}.Debug|Any CPU.ActiveCfg = Debug|Any CPU
		{476BA473-A77D-4945-8CEE-8FB60EBE0083}.Debug|Any CPU.Build.0 = Debug|Any CPU
		{476BA473-A77D-4945-8CEE-8FB60EBE0083}.Debug|x64.ActiveCfg = Debug|Any CPU
		{476BA473-A77D-4945-8CEE-8FB60EBE0083}.Debug|x64.Build.0 = Debug|Any CPU
		{476BA473-A77D-4945-8CEE-8FB60EBE0083}.Debug|x86.ActiveCfg = Debug|Any CPU
		{476BA473-A77D-4945-8CEE-8FB60EBE0083}.Debug|x86.Build.0 = Debug|Any CPU
		{476BA473-A77D-4945-8CEE-8FB60EBE0083}.Release|Any CPU.ActiveCfg = Release|Any CPU
		{476BA473-A77D-4945-8CEE-8FB60EBE0083}.Release|Any CPU.Build.0 = Release|Any CPU
		{476BA473-A77D-4945-8CEE-8FB60EBE0083}.Release|x64.ActiveCfg = Release|Any CPU
		{476BA473-A77D-4945-8CEE-8FB60EBE0083}.Release|x64.Build.0 = Release|Any CPU
		{476BA473-A77D-4945-8CEE-8FB60EBE0083}.Release|x86.ActiveCfg = Release|Any CPU
		{476BA473-A77D-4945-8CEE-8FB60EBE0083}.Release|x86.Build.0 = Release|Any CPU
		{824FBB2B-DCFF-4330-9ADF-3D78AC1D0EC0}.Debug|Any CPU.ActiveCfg = Debug|Any CPU
		{824FBB2B-DCFF-4330-9ADF-3D78AC1D0EC0}.Debug|Any CPU.Build.0 = Debug|Any CPU
		{824FBB2B-DCFF-4330-9ADF-3D78AC1D0EC0}.Debug|x64.ActiveCfg = Debug|Any CPU
		{824FBB2B-DCFF-4330-9ADF-3D78AC1D0EC0}.Debug|x64.Build.0 = Debug|Any CPU
		{824FBB2B-DCFF-4330-9ADF-3D78AC1D0EC0}.Debug|x86.ActiveCfg = Debug|Any CPU
		{824FBB2B-DCFF-4330-9ADF-3D78AC1D0EC0}.Debug|x86.Build.0 = Debug|Any CPU
		{824FBB2B-DCFF-4330-9ADF-3D78AC1D0EC0}.Release|Any CPU.ActiveCfg = Release|Any CPU
		{824FBB2B-DCFF-4330-9ADF-3D78AC1D0EC0}.Release|Any CPU.Build.0 = Release|Any CPU
		{824FBB2B-DCFF-4330-9ADF-3D78AC1D0EC0}.Release|x64.ActiveCfg = Release|Any CPU
		{824FBB2B-DCFF-4330-9ADF-3D78AC1D0EC0}.Release|x64.Build.0 = Release|Any CPU
		{824FBB2B-DCFF-4330-9ADF-3D78AC1D0EC0}.Release|x86.ActiveCfg = Release|Any CPU
		{824FBB2B-DCFF-4330-9ADF-3D78AC1D0EC0}.Release|x86.Build.0 = Release|Any CPU
		{05F2683A-F6E3-4AF2-956E-0686D739B59A}.Debug|Any CPU.ActiveCfg = Debug|Any CPU
		{05F2683A-F6E3-4AF2-956E-0686D739B59A}.Debug|Any CPU.Build.0 = Debug|Any CPU
		{05F2683A-F6E3-4AF2-956E-0686D739B59A}.Debug|x64.ActiveCfg = Debug|Any CPU
		{05F2683A-F6E3-4AF2-956E-0686D739B59A}.Debug|x64.Build.0 = Debug|Any CPU
		{05F2683A-F6E3-4AF2-956E-0686D739B59A}.Debug|x86.ActiveCfg = Debug|Any CPU
		{05F2683A-F6E3-4AF2-956E-0686D739B59A}.Debug|x86.Build.0 = Debug|Any CPU
		{05F2683A-F6E3-4AF2-956E-0686D739B59A}.Release|Any CPU.ActiveCfg = Release|Any CPU
		{05F2683A-F6E3-4AF2-956E-0686D739B59A}.Release|Any CPU.Build.0 = Release|Any CPU
		{05F2683A-F6E3-4AF2-956E-0686D739B59A}.Release|x64.ActiveCfg = Release|Any CPU
		{05F2683A-F6E3-4AF2-956E-0686D739B59A}.Release|x64.Build.0 = Release|Any CPU
		{05F2683A-F6E3-4AF2-956E-0686D739B59A}.Release|x86.ActiveCfg = Release|Any CPU
		{05F2683A-F6E3-4AF2-956E-0686D739B59A}.Release|x86.Build.0 = Release|Any CPU
		{F233544D-CAB1-4920-BC1B-3D88438510E0}.Debug|Any CPU.ActiveCfg = Debug|Any CPU
		{F233544D-CAB1-4920-BC1B-3D88438510E0}.Debug|Any CPU.Build.0 = Debug|Any CPU
		{F233544D-CAB1-4920-BC1B-3D88438510E0}.Debug|x64.ActiveCfg = Debug|Any CPU
		{F233544D-CAB1-4920-BC1B-3D88438510E0}.Debug|x64.Build.0 = Debug|Any CPU
		{F233544D-CAB1-4920-BC1B-3D88438510E0}.Debug|x86.ActiveCfg = Debug|Any CPU
		{F233544D-CAB1-4920-BC1B-3D88438510E0}.Debug|x86.Build.0 = Debug|Any CPU
		{F233544D-CAB1-4920-BC1B-3D88438510E0}.Release|Any CPU.ActiveCfg = Release|Any CPU
		{F233544D-CAB1-4920-BC1B-3D88438510E0}.Release|Any CPU.Build.0 = Release|Any CPU
		{F233544D-CAB1-4920-BC1B-3D88438510E0}.Release|x64.ActiveCfg = Release|Any CPU
		{F233544D-CAB1-4920-BC1B-3D88438510E0}.Release|x64.Build.0 = Release|Any CPU
		{F233544D-CAB1-4920-BC1B-3D88438510E0}.Release|x86.ActiveCfg = Release|Any CPU
		{F233544D-CAB1-4920-BC1B-3D88438510E0}.Release|x86.Build.0 = Release|Any CPU
		{A4AD1DDD-4185-4745-97D2-DCFF529AC68F}.Debug|Any CPU.ActiveCfg = Debug|Any CPU
		{A4AD1DDD-4185-4745-97D2-DCFF529AC68F}.Debug|Any CPU.Build.0 = Debug|Any CPU
		{A4AD1DDD-4185-4745-97D2-DCFF529AC68F}.Debug|x64.ActiveCfg = Debug|Any CPU
		{A4AD1DDD-4185-4745-97D2-DCFF529AC68F}.Debug|x64.Build.0 = Debug|Any CPU
		{A4AD1DDD-4185-4745-97D2-DCFF529AC68F}.Debug|x86.ActiveCfg = Debug|Any CPU
		{A4AD1DDD-4185-4745-97D2-DCFF529AC68F}.Debug|x86.Build.0 = Debug|Any CPU
		{A4AD1DDD-4185-4745-97D2-DCFF529AC68F}.Release|Any CPU.ActiveCfg = Release|Any CPU
		{A4AD1DDD-4185-4745-97D2-DCFF529AC68F}.Release|Any CPU.Build.0 = Release|Any CPU
		{A4AD1DDD-4185-4745-97D2-DCFF529AC68F}.Release|x64.ActiveCfg = Release|Any CPU
		{A4AD1DDD-4185-4745-97D2-DCFF529AC68F}.Release|x64.Build.0 = Release|Any CPU
		{A4AD1DDD-4185-4745-97D2-DCFF529AC68F}.Release|x86.ActiveCfg = Release|Any CPU
		{A4AD1DDD-4185-4745-97D2-DCFF529AC68F}.Release|x86.Build.0 = Release|Any CPU
		{F8FB84D0-C720-4312-8AF6-455239BAB535}.Debug|Any CPU.ActiveCfg = Debug|Any CPU
		{F8FB84D0-C720-4312-8AF6-455239BAB535}.Debug|Any CPU.Build.0 = Debug|Any CPU
		{F8FB84D0-C720-4312-8AF6-455239BAB535}.Debug|x64.ActiveCfg = Debug|Any CPU
		{F8FB84D0-C720-4312-8AF6-455239BAB535}.Debug|x64.Build.0 = Debug|Any CPU
		{F8FB84D0-C720-4312-8AF6-455239BAB535}.Debug|x86.ActiveCfg = Debug|Any CPU
		{F8FB84D0-C720-4312-8AF6-455239BAB535}.Debug|x86.Build.0 = Debug|Any CPU
		{F8FB84D0-C720-4312-8AF6-455239BAB535}.Release|Any CPU.ActiveCfg = Release|Any CPU
		{F8FB84D0-C720-4312-8AF6-455239BAB535}.Release|Any CPU.Build.0 = Release|Any CPU
		{F8FB84D0-C720-4312-8AF6-455239BAB535}.Release|x64.ActiveCfg = Release|Any CPU
		{F8FB84D0-C720-4312-8AF6-455239BAB535}.Release|x64.Build.0 = Release|Any CPU
		{F8FB84D0-C720-4312-8AF6-455239BAB535}.Release|x86.ActiveCfg = Release|Any CPU
		{F8FB84D0-C720-4312-8AF6-455239BAB535}.Release|x86.Build.0 = Release|Any CPU
		{05CB207D-633E-44E8-A89C-50424B5F43F7}.Debug|Any CPU.ActiveCfg = Debug|Any CPU
		{05CB207D-633E-44E8-A89C-50424B5F43F7}.Debug|Any CPU.Build.0 = Debug|Any CPU
		{05CB207D-633E-44E8-A89C-50424B5F43F7}.Debug|x64.ActiveCfg = Debug|Any CPU
		{05CB207D-633E-44E8-A89C-50424B5F43F7}.Debug|x64.Build.0 = Debug|Any CPU
		{05CB207D-633E-44E8-A89C-50424B5F43F7}.Debug|x86.ActiveCfg = Debug|Any CPU
		{05CB207D-633E-44E8-A89C-50424B5F43F7}.Debug|x86.Build.0 = Debug|Any CPU
		{05CB207D-633E-44E8-A89C-50424B5F43F7}.Release|Any CPU.ActiveCfg = Release|Any CPU
		{05CB207D-633E-44E8-A89C-50424B5F43F7}.Release|Any CPU.Build.0 = Release|Any CPU
		{05CB207D-633E-44E8-A89C-50424B5F43F7}.Release|x64.ActiveCfg = Release|Any CPU
		{05CB207D-633E-44E8-A89C-50424B5F43F7}.Release|x64.Build.0 = Release|Any CPU
		{05CB207D-633E-44E8-A89C-50424B5F43F7}.Release|x86.ActiveCfg = Release|Any CPU
		{05CB207D-633E-44E8-A89C-50424B5F43F7}.Release|x86.Build.0 = Release|Any CPU
	EndGlobalSection
	GlobalSection(SolutionProperties) = preSolution
		HideSolutionNode = FALSE
	EndGlobalSection
	GlobalSection(NestedProjects) = preSolution
		{476BA473-A77D-4945-8CEE-8FB60EBE0083} = {827E0CD3-B72D-47B6-A68D-7590B98EB39B}
		{824FBB2B-DCFF-4330-9ADF-3D78AC1D0EC0} = {827E0CD3-B72D-47B6-A68D-7590B98EB39B}
		{05F2683A-F6E3-4AF2-956E-0686D739B59A} = {827E0CD3-B72D-47B6-A68D-7590B98EB39B}
		{F233544D-CAB1-4920-BC1B-3D88438510E0} = {0C88DD14-F956-CE84-757C-A364CCF449FC}
		{A4AD1DDD-4185-4745-97D2-DCFF529AC68F} = {0C88DD14-F956-CE84-757C-A364CCF449FC}
		{F8FB84D0-C720-4312-8AF6-455239BAB535} = {0C88DD14-F956-CE84-757C-A364CCF449FC}
		{05CB207D-633E-44E8-A89C-50424B5F43F7} = {827E0CD3-B72D-47B6-A68D-7590B98EB39B}
	EndGlobalSection
EndGlobal
